
Microsoft Visual Studio Solution File, Format Version 12.00
# Visual Studio Version 17
VisualStudioVersion = 17.8.34330.188
MinimumVisualStudioVersion = 10.0.40219.1
Project("{FAE04EC0-301F-11D3-BF4B-00C04F79EFBC}") = "demo", "demo.csproj", "{B9C35901-B313-4648-9F1B-20E1F68D385A}"
EndProject
Global
	GlobalSection(SolutionConfigurationPlatforms) = preSolution
		Debug|Any CPU = Debug|Any CPU
		Release|Any CPU = Release|Any CPU
	EndGlobalSection
	GlobalSection(ProjectConfigurationPlatforms) = postSolution
		{B9C35901-B313-4648-9F1B-20E1F68D385A}.Debug|Any CPU.ActiveCfg = Debug|Any CPU
		{B9C35901-B313-4648-9F1B-20E1F68D385A}.Debug|Any CPU.Build.0 = Debug|Any CPU
		{B9C35901-B313-4648-9F1B-20E1F68D385A}.Release|Any CPU.ActiveCfg = Release|Any CPU
		{B9C35901-B313-4648-9F1B-20E1F68D385A}.Release|Any CPU.Build.0 = Release|Any CPU
	EndGlobalSection
	GlobalSection(SolutionProperties) = preSolution
		HideSolutionNode = FALSE
	EndGlobalSection
	GlobalSection(ExtensibilityGlobals) = postSolution
		SolutionGuid = {BECD15CE-CD50-47A1-9105-8193717E0EFD}
	EndGlobalSection
EndGlobal
